// !$*UTF8*$!
{
	archiveVersion = 1;
	classes = {
	};
	objectVersion = 77;
	objects = {

/* Begin PBXBuildFile section */
		3C222A522EBB4BCC0098534C /* APIKeyLoader.swift in Sources */ = {isa = PBXBuildFile; fileRef = 3C222A512EBB4BCC0098534C /* APIKeyLoader.swift */; };
		3C222A562EBB4C510098534C /* Keys.plist in Resources */ = {isa = PBXBuildFile; fileRef = 3C222A552EBB4C510098534C /* Keys.plist */; };
		3C227EE62EB233B700EEF6C3 /* LegalTextView.swift in Sources */ = {isa = PBXBuildFile; fileRef = 3C227EE52EB233B700EEF6C3 /* LegalTextView.swift */; };
		3C294E2E2EB372F700B4E78A /* FirebaseAppCheck in Frameworks */ = {isa = PBXBuildFile; productRef = 3C294E2D2EB372F700B4E78A /* FirebaseAppCheck */; };
		3C2B39DF2EA65AE000D8E5AB /* TestStore.storekit in Resources */ = {isa = PBXBuildFile; fileRef = 3C2B39DE2EA65AE000D8E5AB /* TestStore.storekit */; };
		3C490BE52EB8DC6C0092EB63 /* MoreView.swift in Sources */ = {isa = PBXBuildFile; fileRef = 3C490BE42EB8DC6C0092EB63 /* MoreView.swift */; };
		3C96F0452E85555800BB73A9 /* Assets.xcassets in Resources */ = {isa = PBXBuildFile; fileRef = 3C96F0442E85555800BB73A9 /* Assets.xcassets */; };
		3C96F0732E8559AF00BB73A9 /* HapticsService.swift in Sources */ = {isa = PBXBuildFile; fileRef = 3C96F06F2E85587700BB73A9 /* HapticsService.swift */; };
		3C96F0752E8559AF00BB73A9 /* PaywallView.swift in Sources */ = {isa = PBXBuildFile; fileRef = 3C96F06D2E85580800BB73A9 /* PaywallView.swift */; };
		3C96F0762E8559AF00BB73A9 /* SettingsView.swift in Sources */ = {isa = PBXBuildFile; fileRef = 3C96F06C2E85580300BB73A9 /* SettingsView.swift */; };
		3C96F0772E8559AF00BB73A9 /* HistoryView.swift in Sources */ = {isa = PBXBuildFile; fileRef = 3C96F06B2E8557FC00BB73A9 /* HistoryView.swift */; };
		3C96F0782E8559AF00BB73A9 /* TodayView.swift in Sources */ = {isa = PBXBuildFile; fileRef = 3C96F06A2E8557E700BB73A9 /* TodayView.swift */; };
		3C96F0792E8559AF00BB73A9 /* RootView.swift in Sources */ = {isa = PBXBuildFile; fileRef = 3C96F0692E8557DE00BB73A9 /* RootView.swift */; };
		3C96F07A2E8559AF00BB73A9 /* PaywallVM.swift in Sources */ = {isa = PBXBuildFile; fileRef = 3C96F0682E8557D700BB73A9 /* PaywallVM.swift */; };
		3C96F07B2E8559AF00BB73A9 /* SettingsVM.swift in Sources */ = {isa = PBXBuildFile; fileRef = 3C96F0672E8557D100BB73A9 /* SettingsVM.swift */; };
		3C96F07C2E8559AF00BB73A9 /* HistoryVM.swift in Sources */ = {isa = PBXBuildFile; fileRef = 3C96F0662E8557C300BB73A9 /* HistoryVM.swift */; };
		3C96F07E2E8559AF00BB73A9 /* StoreService.swift in Sources */ = {isa = PBXBuildFile; fileRef = 3C96F0622E85579900BB73A9 /* StoreService.swift */; };
		3C96F07F2E8559AF00BB73A9 /* ScheduleService.swift in Sources */ = {isa = PBXBuildFile; fileRef = 3C96F0612E85579400BB73A9 /* ScheduleService.swift */; };
		3C96F0802E8559AF00BB73A9 /* NotificationService.swift in Sources */ = {isa = PBXBuildFile; fileRef = 3C96F0602E85578D00BB73A9 /* NotificationService.swift */; };
		3C96F0812E8559AF00BB73A9 /* TimeWindow.swift in Sources */ = {isa = PBXBuildFile; fileRef = 3C96F05E2E85577700BB73A9 /* TimeWindow.swift */; };
		3C96F0822E8559AF00BB73A9 /* FileDayEntryRepository.swift in Sources */ = {isa = PBXBuildFile; fileRef = 3C96F05D2E85576C00BB73A9 /* FileDayEntryRepository.swift */; };
		3C96F0832E8559AF00BB73A9 /* DayEntryRepository.swift in Sources */ = {isa = PBXBuildFile; fileRef = 3C96F05C2E85576000BB73A9 /* DayEntryRepository.swift */; };
		3C96F0842E8559AF00BB73A9 /* DayEntry.swift in Sources */ = {isa = PBXBuildFile; fileRef = 3C96F05B2E85575300BB73A9 /* DayEntry.swift */; };
		3C96F08A2E855C6700BB73A9 /* TodayVM.swift in Sources */ = {isa = PBXBuildFile; fileRef = 3C96F0892E855C6700BB73A9 /* TodayVM.swift */; };
		3C96F08C2E855F1800BB73A9 /* StatusBadge.swift in Sources */ = {isa = PBXBuildFile; fileRef = 3C96F08B2E855F1800BB73A9 /* StatusBadge.swift */; };
		3C96F08E2E856C6000BB73A9 /* Theme.swift in Sources */ = {isa = PBXBuildFile; fileRef = 3C96F08D2E856C6000BB73A9 /* Theme.swift */; };
		3CA7FBCC2EB4ADE300059D61 /* LanguageSettings.swift in Sources */ = {isa = PBXBuildFile; fileRef = 3CA7FBCB2EB4ADE300059D61 /* LanguageSettings.swift */; };
		3CB610CC2EA914F800508731 /* SummaryVM.swift in Sources */ = {isa = PBXBuildFile; fileRef = 3CB610CB2EA914F800508731 /* SummaryVM.swift */; };
		3CB610CE2EA9153800508731 /* SummaryView.swift in Sources */ = {isa = PBXBuildFile; fileRef = 3CB610CD2EA9153800508731 /* SummaryView.swift */; };
		3CBAAB522EAF7D4400A56540 /* OnboardingView.swift in Sources */ = {isa = PBXBuildFile; fileRef = 3CBAAB512EAF7D4400A56540 /* OnboardingView.swift */; };
		3CC8D0D22E94136B00C5A259 /* Card.swift in Sources */ = {isa = PBXBuildFile; fileRef = 3CC8D0D12E94136900C5A259 /* Card.swift */; };
		3CC8D0D62E9414EC00C5A259 /* RepositoryProvider.swift in Sources */ = {isa = PBXBuildFile; fileRef = 3CC8D0D52E9414E500C5A259 /* RepositoryProvider.swift */; };
		3CC8D0DA2E9416E800C5A259 /* Formatters.swift in Sources */ = {isa = PBXBuildFile; fileRef = 3CC8D0D82E9414FC00C5A259 /* Formatters.swift */; };
		3CC8D0DC2E9516C100C5A259 /* DailyVibesApp.swift in Sources */ = {isa = PBXBuildFile; fileRef = 3CC8D0DB2E95168D00C5A259 /* DailyVibesApp.swift */; };
		3CC8D0DE2E9525AF00C5A259 /* AnimatedAuroraBackground.swift in Sources */ = {isa = PBXBuildFile; fileRef = 3CC8D0DD2E9525A800C5A259 /* AnimatedAuroraBackground.swift */; };
		3CCCE12B2EA0FEA500BC7727 /* GoogleService-Info.plist in Resources */ = {isa = PBXBuildFile; fileRef = 3CCCE12A2EA0FEA500BC7727 /* GoogleService-Info.plist */; };
		3CCCE12E2EA102FC00BC7727 /* FirebaseAI in Frameworks */ = {isa = PBXBuildFile; productRef = 3CCCE12D2EA102FC00BC7727 /* FirebaseAI */; };
		3CCCE1302EA102FC00BC7727 /* FirebaseAnalytics in Frameworks */ = {isa = PBXBuildFile; productRef = 3CCCE12F2EA102FC00BC7727 /* FirebaseAnalytics */; };
		3CCCE1322EA1034B00BC7727 /* AIService.swift in Sources */ = {isa = PBXBuildFile; fileRef = 3CCCE1312EA1034B00BC7727 /* AIService.swift */; };
		3CCCE1342EA1048800BC7727 /* CoachVM.swift in Sources */ = {isa = PBXBuildFile; fileRef = 3CCCE1332EA1048800BC7727 /* CoachVM.swift */; };
		3CCCE1362EA1049700BC7727 /* CoachView.swift in Sources */ = {isa = PBXBuildFile; fileRef = 3CCCE1352EA1049700BC7727 /* CoachView.swift */; };
		3CEDF5052E9D193400595983 /* HistoryDetailView.swift in Sources */ = {isa = PBXBuildFile; fileRef = 3CEDF5042E9D193400595983 /* HistoryDetailView.swift */; };
		3CEDF5072E9E3F4900595983 /* StatsVM.swift in Sources */ = {isa = PBXBuildFile; fileRef = 3CEDF5062E9E3F4900595983 /* StatsVM.swift */; };
		3CEDF5092E9E3F7400595983 /* StatsView.swift in Sources */ = {isa = PBXBuildFile; fileRef = 3CEDF5082E9E3F7400595983 /* StatsView.swift */; };
		3CEDF50C2E9E416600595983 /* DailyVibes.xcdatamodeld in Sources */ = {isa = PBXBuildFile; fileRef = 3CEDF50A2E9E416600595983 /* DailyVibes.xcdatamodeld */; };
		3CEDF50E2E9E42F500595983 /* PersistenceController.swift in Sources */ = {isa = PBXBuildFile; fileRef = 3CEDF50D2E9E42F500595983 /* PersistenceController.swift */; };
		3CEDF5102E9E430800595983 /* CoreDataDayEntryRepository.swift in Sources */ = {isa = PBXBuildFile; fileRef = 3CEDF50F2E9E430800595983 /* CoreDataDayEntryRepository.swift */; };
		3CEDF5122E9E6A3100595983 /* ThemeManager.swift in Sources */ = {isa = PBXBuildFile; fileRef = 3CEDF5112E9E6A3100595983 /* ThemeManager.swift */; };
		3CFD9B612EB383F4009C3D62 /* Localizable.xcstrings in Resources */ = {isa = PBXBuildFile; fileRef = 3CFD9B602EB383F4009C3D62 /* Localizable.xcstrings */; };
/* End PBXBuildFile section */

/* Begin PBXFileReference section */
		3C222A512EBB4BCC0098534C /* APIKeyLoader.swift */ = {isa = PBXFileReference; lastKnownFileType = sourcecode.swift; path = APIKeyLoader.swift; sourceTree = "<group>"; };
		3C222A552EBB4C510098534C /* Keys.plist */ = {isa = PBXFileReference; lastKnownFileType = text.plist.xml; path = Keys.plist; sourceTree = "<group>"; };
		3C227EE52EB233B700EEF6C3 /* LegalTextView.swift */ = {isa = PBXFileReference; lastKnownFileType = sourcecode.swift; path = LegalTextView.swift; sourceTree = "<group>"; };
		3C294E2F2EB3733F00B4E78A /* Daily Vibes.entitlements */ = {isa = PBXFileReference; lastKnownFileType = text.plist.entitlements; path = "Daily Vibes.entitlements"; sourceTree = "<group>"; };
		3C2B39DE2EA65AE000D8E5AB /* TestStore.storekit */ = {isa = PBXFileReference; lastKnownFileType = text; path = TestStore.storekit; sourceTree = "<group>"; };
		3C490BE42EB8DC6C0092EB63 /* MoreView.swift */ = {isa = PBXFileReference; lastKnownFileType = sourcecode.swift; path = MoreView.swift; sourceTree = "<group>"; };
		3C96F0442E85555800BB73A9 /* Assets.xcassets */ = {isa = PBXFileReference; lastKnownFileType = folder.assetcatalog; path = Assets.xcassets; sourceTree = "<group>"; };
		3C96F05B2E85575300BB73A9 /* DayEntry.swift */ = {isa = PBXFileReference; lastKnownFileType = sourcecode.swift; path = DayEntry.swift; sourceTree = "<group>"; };
		3C96F05C2E85576000BB73A9 /* DayEntryRepository.swift */ = {isa = PBXFileReference; lastKnownFileType = sourcecode.swift; path = DayEntryRepository.swift; sourceTree = "<group>"; };
		3C96F05D2E85576C00BB73A9 /* FileDayEntryRepository.swift */ = {isa = PBXFileReference; lastKnownFileType = sourcecode.swift; path = FileDayEntryRepository.swift; sourceTree = "<group>"; };
		3C96F05E2E85577700BB73A9 /* TimeWindow.swift */ = {isa = PBXFileReference; lastKnownFileType = sourcecode.swift; path = TimeWindow.swift; sourceTree = "<group>"; };
		3C96F0602E85578D00BB73A9 /* NotificationService.swift */ = {isa = PBXFileReference; lastKnownFileType = sourcecode.swift; path = NotificationService.swift; sourceTree = "<group>"; };
		3C96F0612E85579400BB73A9 /* ScheduleService.swift */ = {isa = PBXFileReference; lastKnownFileType = sourcecode.swift; path = ScheduleService.swift; sourceTree = "<group>"; };
		3C96F0622E85579900BB73A9 /* StoreService.swift */ = {isa = PBXFileReference; lastKnownFileType = sourcecode.swift; path = StoreService.swift; sourceTree = "<group>"; };
		3C96F0662E8557C300BB73A9 /* HistoryVM.swift */ = {isa = PBXFileReference; lastKnownFileType = sourcecode.swift; path = HistoryVM.swift; sourceTree = "<group>"; };
		3C96F0672E8557D100BB73A9 /* SettingsVM.swift */ = {isa = PBXFileReference; lastKnownFileType = sourcecode.swift; path = SettingsVM.swift; sourceTree = "<group>"; };
		3C96F0682E8557D700BB73A9 /* PaywallVM.swift */ = {isa = PBXFileReference; lastKnownFileType = sourcecode.swift; path = PaywallVM.swift; sourceTree = "<group>"; };
		3C96F0692E8557DE00BB73A9 /* RootView.swift */ = {isa = PBXFileReference; lastKnownFileType = sourcecode.swift; path = RootView.swift; sourceTree = "<group>"; };
		3C96F06A2E8557E700BB73A9 /* TodayView.swift */ = {isa = PBXFileReference; lastKnownFileType = sourcecode.swift; path = TodayView.swift; sourceTree = "<group>"; };
		3C96F06B2E8557FC00BB73A9 /* HistoryView.swift */ = {isa = PBXFileReference; lastKnownFileType = sourcecode.swift; path = HistoryView.swift; sourceTree = "<group>"; };
		3C96F06C2E85580300BB73A9 /* SettingsView.swift */ = {isa = PBXFileReference; lastKnownFileType = sourcecode.swift; path = SettingsView.swift; sourceTree = "<group>"; };
		3C96F06D2E85580800BB73A9 /* PaywallView.swift */ = {isa = PBXFileReference; lastKnownFileType = sourcecode.swift; path = PaywallView.swift; sourceTree = "<group>"; };
		3C96F06F2E85587700BB73A9 /* HapticsService.swift */ = {isa = PBXFileReference; lastKnownFileType = sourcecode.swift; path = HapticsService.swift; sourceTree = "<group>"; };
		3C96F0892E855C6700BB73A9 /* TodayVM.swift */ = {isa = PBXFileReference; lastKnownFileType = sourcecode.swift; path = TodayVM.swift; sourceTree = "<group>"; };
		3C96F08B2E855F1800BB73A9 /* StatusBadge.swift */ = {isa = PBXFileReference; lastKnownFileType = sourcecode.swift; path = StatusBadge.swift; sourceTree = "<group>"; };
		3C96F08D2E856C6000BB73A9 /* Theme.swift */ = {isa = PBXFileReference; lastKnownFileType = sourcecode.swift; path = Theme.swift; sourceTree = "<group>"; };
		3CA2CB2B2EBB55470068F72E /* Release.entitlements */ = {isa = PBXFileReference; lastKnownFileType = text.plist.entitlements; path = Release.entitlements; sourceTree = "<group>"; };
		3CA7FBCB2EB4ADE300059D61 /* LanguageSettings.swift */ = {isa = PBXFileReference; lastKnownFileType = sourcecode.swift; path = LanguageSettings.swift; sourceTree = "<group>"; };
		3CB610CA2EA790A700508731 /* Daily-Vibes-Info.plist */ = {isa = PBXFileReference; lastKnownFileType = text.plist.xml; path = "Daily-Vibes-Info.plist"; sourceTree = "<group>"; };
		3CB610CB2EA914F800508731 /* SummaryVM.swift */ = {isa = PBXFileReference; lastKnownFileType = sourcecode.swift; path = SummaryVM.swift; sourceTree = "<group>"; };
		3CB610CD2EA9153800508731 /* SummaryView.swift */ = {isa = PBXFileReference; lastKnownFileType = sourcecode.swift; path = SummaryView.swift; sourceTree = "<group>"; };
		3CBAAB512EAF7D4400A56540 /* OnboardingView.swift */ = {isa = PBXFileReference; lastKnownFileType = sourcecode.swift; path = OnboardingView.swift; sourceTree = "<group>"; };
		3CC8D0C52E93C7C700C5A259 /* Daily Vibes.app */ = {isa = PBXFileReference; explicitFileType = wrapper.application; includeInIndex = 0; path = "Daily Vibes.app"; sourceTree = BUILT_PRODUCTS_DIR; };
		3CC8D0D12E94136900C5A259 /* Card.swift */ = {isa = PBXFileReference; lastKnownFileType = sourcecode.swift; path = Card.swift; sourceTree = "<group>"; };
		3CC8D0D52E9414E500C5A259 /* RepositoryProvider.swift */ = {isa = PBXFileReference; lastKnownFileType = sourcecode.swift; path = RepositoryProvider.swift; sourceTree = "<group>"; };
		3CC8D0D82E9414FC00C5A259 /* Formatters.swift */ = {isa = PBXFileReference; lastKnownFileType = sourcecode.swift; path = Formatters.swift; sourceTree = "<group>"; };
		3CC8D0DB2E95168D00C5A259 /* DailyVibesApp.swift */ = {isa = PBXFileReference; lastKnownFileType = sourcecode.swift; path = DailyVibesApp.swift; sourceTree = "<group>"; };
		3CC8D0DD2E9525A800C5A259 /* AnimatedAuroraBackground.swift */ = {isa = PBXFileReference; lastKnownFileType = sourcecode.swift; path = AnimatedAuroraBackground.swift; sourceTree = "<group>"; };
		3CCCE12A2EA0FEA500BC7727 /* GoogleService-Info.plist */ = {isa = PBXFileReference; lastKnownFileType = text.plist.xml; path = "GoogleService-Info.plist"; sourceTree = "<group>"; };
		3CCCE1312EA1034B00BC7727 /* AIService.swift */ = {isa = PBXFileReference; lastKnownFileType = sourcecode.swift; path = AIService.swift; sourceTree = "<group>"; };
		3CCCE1332EA1048800BC7727 /* CoachVM.swift */ = {isa = PBXFileReference; lastKnownFileType = sourcecode.swift; path = CoachVM.swift; sourceTree = "<group>"; };
		3CCCE1352EA1049700BC7727 /* CoachView.swift */ = {isa = PBXFileReference; lastKnownFileType = sourcecode.swift; path = CoachView.swift; sourceTree = "<group>"; };
		3CEDF5042E9D193400595983 /* HistoryDetailView.swift */ = {isa = PBXFileReference; lastKnownFileType = sourcecode.swift; path = HistoryDetailView.swift; sourceTree = "<group>"; };
		3CEDF5062E9E3F4900595983 /* StatsVM.swift */ = {isa = PBXFileReference; lastKnownFileType = sourcecode.swift; path = StatsVM.swift; sourceTree = "<group>"; };
		3CEDF5082E9E3F7400595983 /* StatsView.swift */ = {isa = PBXFileReference; lastKnownFileType = sourcecode.swift; path = StatsView.swift; sourceTree = "<group>"; };
		3CEDF50B2E9E416600595983 /* DailyVibes.xcdatamodel */ = {isa = PBXFileReference; lastKnownFileType = wrapper.xcdatamodel; path = DailyVibes.xcdatamodel; sourceTree = "<group>"; };
		3CEDF50D2E9E42F500595983 /* PersistenceController.swift */ = {isa = PBXFileReference; lastKnownFileType = sourcecode.swift; path = PersistenceController.swift; sourceTree = "<group>"; };
		3CEDF50F2E9E430800595983 /* CoreDataDayEntryRepository.swift */ = {isa = PBXFileReference; lastKnownFileType = sourcecode.swift; path = CoreDataDayEntryRepository.swift; sourceTree = "<group>"; };
		3CEDF5112E9E6A3100595983 /* ThemeManager.swift */ = {isa = PBXFileReference; lastKnownFileType = sourcecode.swift; path = ThemeManager.swift; sourceTree = "<group>"; };
		3CFD9B602EB383F4009C3D62 /* Localizable.xcstrings */ = {isa = PBXFileReference; lastKnownFileType = text.json.xcstrings; path = Localizable.xcstrings; sourceTree = "<group>"; };
/* End PBXFileReference section */

/* Begin PBXFrameworksBuildPhase section */
		3C96F03A2E85555700BB73A9 /* Frameworks */ = {
			isa = PBXFrameworksBuildPhase;
			buildActionMask = 2147483647;
			files = (
				3CCCE1302EA102FC00BC7727 /* FirebaseAnalytics in Frameworks */,
				3C294E2E2EB372F700B4E78A /* FirebaseAppCheck in Frameworks */,
				3CCCE12E2EA102FC00BC7727 /* FirebaseAI in Frameworks */,
			);
			runOnlyForDeploymentPostprocessing = 0;
		};
/* End PBXFrameworksBuildPhase section */

/* Begin PBXGroup section */
		3C294E2C2EB372F700B4E78A /* Frameworks */ = {
			isa = PBXGroup;
			children = (
			);
			name = Frameworks;
			sourceTree = "<group>";
		};
		3C96F0342E85555700BB73A9 = {
			isa = PBXGroup;
			children = (
				3C222A552EBB4C510098534C /* Keys.plist */,
				3CFD9B602EB383F4009C3D62 /* Localizable.xcstrings */,
				3C294E2F2EB3733F00B4E78A /* Daily Vibes.entitlements */,
				3CA2CB2B2EBB55470068F72E /* Release.entitlements */,
				3CB610CA2EA790A700508731 /* Daily-Vibes-Info.plist */,
				3C2B39DE2EA65AE000D8E5AB /* TestStore.storekit */,
				3CEDF50D2E9E42F500595983 /* PersistenceController.swift */,
				3CEDF50A2E9E416600595983 /* DailyVibes.xcdatamodeld */,
				3CC8D0DB2E95168D00C5A259 /* DailyVibesApp.swift */,
				3C96F0542E85567800BB73A9 /* Resources */,
				3C96F0532E85567300BB73A9 /* Shared */,
				3C96F0522E85566C00BB73A9 /* Views */,
				3C96F0512E85566400BB73A9 /* ViewModels */,
				3C96F0502E85565D00BB73A9 /* Services */,
				3C96F04F2E85564D00BB73A9 /* Repository */,
				3C96F04E2E85563F00BB73A9 /* Models */,
				3CC8D0C52E93C7C700C5A259 /* Daily Vibes.app */,
				3CCCE12A2EA0FEA500BC7727 /* GoogleService-Info.plist */,
				3C294E2C2EB372F700B4E78A /* Frameworks */,
			);
			sourceTree = "<group>";
		};
		3C96F04E2E85563F00BB73A9 /* Models */ = {
			isa = PBXGroup;
			children = (
				3C96F05B2E85575300BB73A9 /* DayEntry.swift */,
			);
			path = Models;
			sourceTree = "<group>";
		};
		3C96F04F2E85564D00BB73A9 /* Repository */ = {
			isa = PBXGroup;
			children = (
				3CEDF50F2E9E430800595983 /* CoreDataDayEntryRepository.swift */,
				3C96F05D2E85576C00BB73A9 /* FileDayEntryRepository.swift */,
				3C96F05C2E85576000BB73A9 /* DayEntryRepository.swift */,
			);
			path = Repository;
			sourceTree = "<group>";
		};
		3C96F0502E85565D00BB73A9 /* Services */ = {
			isa = PBXGroup;
			children = (
				3CA7FBCB2EB4ADE300059D61 /* LanguageSettings.swift */,
				3CCCE1312EA1034B00BC7727 /* AIService.swift */,
				3C96F0622E85579900BB73A9 /* StoreService.swift */,
				3C96F0612E85579400BB73A9 /* ScheduleService.swift */,
				3C96F0602E85578D00BB73A9 /* NotificationService.swift */,
				3C96F05E2E85577700BB73A9 /* TimeWindow.swift */,
			);
			path = Services;
			sourceTree = "<group>";
		};
		3C96F0512E85566400BB73A9 /* ViewModels */ = {
			isa = PBXGroup;
			children = (
				3CB610CB2EA914F800508731 /* SummaryVM.swift */,
				3CCCE1332EA1048800BC7727 /* CoachVM.swift */,
				3CEDF5062E9E3F4900595983 /* StatsVM.swift */,
				3C96F0682E8557D700BB73A9 /* PaywallVM.swift */,
				3C96F0672E8557D100BB73A9 /* SettingsVM.swift */,
				3C96F0662E8557C300BB73A9 /* HistoryVM.swift */,
				3C96F0892E855C6700BB73A9 /* TodayVM.swift */,
			);
			path = ViewModels;
			sourceTree = "<group>";
		};
		3C96F0522E85566C00BB73A9 /* Views */ = {
			isa = PBXGroup;
			children = (
				3C490BE42EB8DC6C0092EB63 /* MoreView.swift */,
				3C227EE52EB233B700EEF6C3 /* LegalTextView.swift */,
				3CBAAB512EAF7D4400A56540 /* OnboardingView.swift */,
				3CB610CD2EA9153800508731 /* SummaryView.swift */,
				3CCCE1352EA1049700BC7727 /* CoachView.swift */,
				3CEDF5082E9E3F7400595983 /* StatsView.swift */,
				3CEDF5042E9D193400595983 /* HistoryDetailView.swift */,
				3C96F06D2E85580800BB73A9 /* PaywallView.swift */,
				3C96F06C2E85580300BB73A9 /* SettingsView.swift */,
				3C96F06B2E8557FC00BB73A9 /* HistoryView.swift */,
				3C96F06A2E8557E700BB73A9 /* TodayView.swift */,
				3C96F0692E8557DE00BB73A9 /* RootView.swift */,
			);
			path = Views;
			sourceTree = "<group>";
		};
		3C96F0532E85567300BB73A9 /* Shared */ = {
			isa = PBXGroup;
			children = (
				3C222A512EBB4BCC0098534C /* APIKeyLoader.swift */,
				3CEDF5112E9E6A3100595983 /* ThemeManager.swift */,
				3CC8D0DD2E9525A800C5A259 /* AnimatedAuroraBackground.swift */,
				3CC8D0D82E9414FC00C5A259 /* Formatters.swift */,
				3CC8D0D52E9414E500C5A259 /* RepositoryProvider.swift */,
				3CC8D0D12E94136900C5A259 /* Card.swift */,
				3C96F08B2E855F1800BB73A9 /* StatusBadge.swift */,
				3C96F06F2E85587700BB73A9 /* HapticsService.swift */,
				3C96F08D2E856C6000BB73A9 /* Theme.swift */,
			);
			path = Shared;
			sourceTree = "<group>";
		};
		3C96F0542E85567800BB73A9 /* Resources */ = {
			isa = PBXGroup;
			children = (
				3C96F0442E85555800BB73A9 /* Assets.xcassets */,
			);
			path = Resources;
			sourceTree = "<group>";
		};
/* End PBXGroup section */

/* Begin PBXNativeTarget section */
		3C96F03C2E85555700BB73A9 /* Daily Vibes */ = {
			isa = PBXNativeTarget;
			buildConfigurationList = 3C96F0482E85555800BB73A9 /* Build configuration list for PBXNativeTarget "Daily Vibes" */;
			buildPhases = (
				3C96F0392E85555700BB73A9 /* Sources */,
				3C96F03A2E85555700BB73A9 /* Frameworks */,
				3C96F03B2E85555700BB73A9 /* Resources */,
			);
			buildRules = (
			);
			dependencies = (
			);
			name = "Daily Vibes";
			packageProductDependencies = (
				3CCCE12D2EA102FC00BC7727 /* FirebaseAI */,
				3CCCE12F2EA102FC00BC7727 /* FirebaseAnalytics */,
				3C294E2D2EB372F700B4E78A /* FirebaseAppCheck */,
			);
			productName = "Daily Vibes";
			productReference = 3CC8D0C52E93C7C700C5A259 /* Daily Vibes.app */;
			productType = "com.apple.product-type.application";
		};
/* End PBXNativeTarget section */

/* Begin PBXProject section */
		3C96F0352E85555700BB73A9 /* Project object */ = {
			isa = PBXProject;
			attributes = {
				BuildIndependentTargetsInParallel = 1;
				LastSwiftUpdateCheck = 2600;
				LastUpgradeCheck = 2600;
				TargetAttributes = {
					3C96F03C2E85555700BB73A9 = {
						CreatedOnToolsVersion = 26.0.1;
					};
				};
			};
			buildConfigurationList = 3C96F0382E85555700BB73A9 /* Build configuration list for PBXProject "Daily Vibes" */;
			developmentRegion = tr;
			hasScannedForEncodings = 0;
			knownRegions = (
				en,
				Base,
				tr,
			);
			mainGroup = 3C96F0342E85555700BB73A9;
			minimizedProjectReferenceProxies = 1;
			packageReferences = (
				3CCCE12C2EA102FB00BC7727 /* XCRemoteSwiftPackageReference "firebase-ios-sdk" */,
			);
			preferredProjectObjectVersion = 77;
			productRefGroup = 3C96F0342E85555700BB73A9;
			projectDirPath = "";
			projectRoot = "";
			targets = (
				3C96F03C2E85555700BB73A9 /* Daily Vibes */,
			);
		};
/* End PBXProject section */

/* Begin PBXResourcesBuildPhase section */
		3C96F03B2E85555700BB73A9 /* Resources */ = {
			isa = PBXResourcesBuildPhase;
			buildActionMask = 2147483647;
			files = (
				3C96F0452E85555800BB73A9 /* Assets.xcassets in Resources */,
				3C2B39DF2EA65AE000D8E5AB /* TestStore.storekit in Resources */,
				3CFD9B612EB383F4009C3D62 /* Localizable.xcstrings in Resources */,
				3CCCE12B2EA0FEA500BC7727 /* GoogleService-Info.plist in Resources */,
				3C222A562EBB4C510098534C /* Keys.plist in Resources */,
			);
			runOnlyForDeploymentPostprocessing = 0;
		};
/* End PBXResourcesBuildPhase section */

/* Begin PBXSourcesBuildPhase section */
		3C96F0392E85555700BB73A9 /* Sources */ = {
			isa = PBXSourcesBuildPhase;
			buildActionMask = 2147483647;
			files = (
				3CC8D0DA2E9416E800C5A259 /* Formatters.swift in Sources */,
				3C96F0732E8559AF00BB73A9 /* HapticsService.swift in Sources */,
				3CEDF5102E9E430800595983 /* CoreDataDayEntryRepository.swift in Sources */,
				3C96F0752E8559AF00BB73A9 /* PaywallView.swift in Sources */,
				3C96F08E2E856C6000BB73A9 /* Theme.swift in Sources */,
				3CCCE1322EA1034B00BC7727 /* AIService.swift in Sources */,
				3C96F0762E8559AF00BB73A9 /* SettingsView.swift in Sources */,
				3C96F0772E8559AF00BB73A9 /* HistoryView.swift in Sources */,
				3CEDF50E2E9E42F500595983 /* PersistenceController.swift in Sources */,
				3CC8D0D62E9414EC00C5A259 /* RepositoryProvider.swift in Sources */,
				3CEDF50C2E9E416600595983 /* DailyVibes.xcdatamodeld in Sources */,
				3C96F0782E8559AF00BB73A9 /* TodayView.swift in Sources */,
				3CEDF5092E9E3F7400595983 /* StatsView.swift in Sources */,
				3C96F0792E8559AF00BB73A9 /* RootView.swift in Sources */,
				3C96F08C2E855F1800BB73A9 /* StatusBadge.swift in Sources */,
				3CCCE1362EA1049700BC7727 /* CoachView.swift in Sources */,
				3C96F07A2E8559AF00BB73A9 /* PaywallVM.swift in Sources */,
				3CB610CE2EA9153800508731 /* SummaryView.swift in Sources */,
				3C227EE62EB233B700EEF6C3 /* LegalTextView.swift in Sources */,
				3C96F07B2E8559AF00BB73A9 /* SettingsVM.swift in Sources */,
				3CA7FBCC2EB4ADE300059D61 /* LanguageSettings.swift in Sources */,
				3CEDF5052E9D193400595983 /* HistoryDetailView.swift in Sources */,
				3C96F07C2E8559AF00BB73A9 /* HistoryVM.swift in Sources */,
				3C96F07E2E8559AF00BB73A9 /* StoreService.swift in Sources */,
				3CC8D0DC2E9516C100C5A259 /* DailyVibesApp.swift in Sources */,
				3C96F08A2E855C6700BB73A9 /* TodayVM.swift in Sources */,
				3CEDF5122E9E6A3100595983 /* ThemeManager.swift in Sources */,
				3C96F07F2E8559AF00BB73A9 /* ScheduleService.swift in Sources */,
				3CBAAB522EAF7D4400A56540 /* OnboardingView.swift in Sources */,
				3CC8D0DE2E9525AF00C5A259 /* AnimatedAuroraBackground.swift in Sources */,
				3C96F0802E8559AF00BB73A9 /* NotificationService.swift in Sources */,
				3CEDF5072E9E3F4900595983 /* StatsVM.swift in Sources */,
				3CCCE1342EA1048800BC7727 /* CoachVM.swift in Sources */,
				3CB610CC2EA914F800508731 /* SummaryVM.swift in Sources */,
				3CC8D0D22E94136B00C5A259 /* Card.swift in Sources */,
				3C222A522EBB4BCC0098534C /* APIKeyLoader.swift in Sources */,
				3C96F0812E8559AF00BB73A9 /* TimeWindow.swift in Sources */,
				3C96F0822E8559AF00BB73A9 /* FileDayEntryRepository.swift in Sources */,
				3C96F0832E8559AF00BB73A9 /* DayEntryRepository.swift in Sources */,
				3C96F0842E8559AF00BB73A9 /* DayEntry.swift in Sources */,
				3C490BE52EB8DC6C0092EB63 /* MoreView.swift in Sources */,
			);
			runOnlyForDeploymentPostprocessing = 0;
		};
/* End PBXSourcesBuildPhase section */

/* Begin XCBuildConfiguration section */
		3C96F0462E85555800BB73A9 /* Debug */ = {
			isa = XCBuildConfiguration;
			buildSettings = {
				ALWAYS_SEARCH_USER_PATHS = NO;
				ASSETCATALOG_COMPILER_GENERATE_SWIFT_ASSET_SYMBOL_EXTENSIONS = YES;
				CLANG_ANALYZER_NONNULL = YES;
				CLANG_ANALYZER_NUMBER_OBJECT_CONVERSION = YES_AGGRESSIVE;
				CLANG_CXX_LANGUAGE_STANDARD = "gnu++20";
				CLANG_ENABLE_MODULES = YES;
				CLANG_ENABLE_OBJC_ARC = YES;
				CLANG_ENABLE_OBJC_WEAK = YES;
				CLANG_WARN_BLOCK_CAPTURE_AUTORELEASING = YES;
				CLANG_WARN_BOOL_CONVERSION = YES;
				CLANG_WARN_COMMA = YES;
				CLANG_WARN_CONSTANT_CONVERSION = YES;
				CLANG_WARN_DEPRECATED_OBJC_IMPLEMENTATIONS = YES;
				CLANG_WARN_DIRECT_OBJC_ISA_USAGE = YES_ERROR;
				CLANG_WARN_DOCUMENTATION_COMMENTS = YES;
				CLANG_WARN_EMPTY_BODY = YES;
				CLANG_WARN_ENUM_CONVERSION = YES;
				CLANG_WARN_INFINITE_RECURSION = YES;
				CLANG_WARN_INT_CONVERSION = YES;
				CLANG_WARN_NON_LITERAL_NULL_CONVERSION = YES;
				CLANG_WARN_OBJC_IMPLICIT_RETAIN_SELF = YES;
				CLANG_WARN_OBJC_LITERAL_CONVERSION = YES;
				CLANG_WARN_OBJC_ROOT_CLASS = YES_ERROR;
				CLANG_WARN_QUOTED_INCLUDE_IN_FRAMEWORK_HEADER = YES;
				CLANG_WARN_RANGE_LOOP_ANALYSIS = YES;
				CLANG_WARN_STRICT_PROTOTYPES = YES;
				CLANG_WARN_SUSPICIOUS_MOVE = YES;
				CLANG_WARN_UNGUARDED_AVAILABILITY = YES_AGGRESSIVE;
				CLANG_WARN_UNREACHABLE_CODE = YES;
				CLANG_WARN__DUPLICATE_METHOD_MATCH = YES;
				COPY_PHASE_STRIP = NO;
				DEBUG_INFORMATION_FORMAT = dwarf;
				DEVELOPMENT_TEAM = LSG8NGV4GQ;
				ENABLE_STRICT_OBJC_MSGSEND = YES;
				ENABLE_TESTABILITY = YES;
				ENABLE_USER_SCRIPT_SANDBOXING = YES;
				GCC_C_LANGUAGE_STANDARD = gnu17;
				GCC_DYNAMIC_NO_PIC = NO;
				GCC_NO_COMMON_BLOCKS = YES;
				GCC_OPTIMIZATION_LEVEL = 0;
				GCC_PREPROCESSOR_DEFINITIONS = (
					"DEBUG=1",
					"$(inherited)",
				);
				GCC_WARN_64_TO_32_BIT_CONVERSION = YES;
				GCC_WARN_ABOUT_RETURN_TYPE = YES_ERROR;
				GCC_WARN_UNDECLARED_SELECTOR = YES;
				GCC_WARN_UNINITIALIZED_AUTOS = YES_AGGRESSIVE;
				GCC_WARN_UNUSED_FUNCTION = YES;
				GCC_WARN_UNUSED_VARIABLE = YES;
				IPHONEOS_DEPLOYMENT_TARGET = 26.0;
				LOCALIZATION_PREFERS_STRING_CATALOGS = YES;
				MTL_ENABLE_DEBUG_INFO = INCLUDE_SOURCE;
				MTL_FAST_MATH = YES;
				ONLY_ACTIVE_ARCH = YES;
				SDKROOT = iphoneos;
				SWIFT_ACTIVE_COMPILATION_CONDITIONS = "DEBUG $(inherited)";
				SWIFT_EMIT_LOC_STRINGS = YES;
				SWIFT_OPTIMIZATION_LEVEL = "-Onone";
			};
			name = Debug;
		};
		3C96F0472E85555800BB73A9 /* Release */ = {
			isa = XCBuildConfiguration;
			buildSettings = {
				ALWAYS_SEARCH_USER_PATHS = NO;
				ASSETCATALOG_COMPILER_GENERATE_SWIFT_ASSET_SYMBOL_EXTENSIONS = YES;
				CLANG_ANALYZER_NONNULL = YES;
				CLANG_ANALYZER_NUMBER_OBJECT_CONVERSION = YES_AGGRESSIVE;
				CLANG_CXX_LANGUAGE_STANDARD = "gnu++20";
				CLANG_ENABLE_MODULES = YES;
				CLANG_ENABLE_OBJC_ARC = YES;
				CLANG_ENABLE_OBJC_WEAK = YES;
				CLANG_WARN_BLOCK_CAPTURE_AUTORELEASING = YES;
				CLANG_WARN_BOOL_CONVERSION = YES;
				CLANG_WARN_COMMA = YES;
				CLANG_WARN_CONSTANT_CONVERSION = YES;
				CLANG_WARN_DEPRECATED_OBJC_IMPLEMENTATIONS = YES;
				CLANG_WARN_DIRECT_OBJC_ISA_USAGE = YES_ERROR;
				CLANG_WARN_DOCUMENTATION_COMMENTS = YES;
				CLANG_WARN_EMPTY_BODY = YES;
				CLANG_WARN_ENUM_CONVERSION = YES;
				CLANG_WARN_INFINITE_RECURSION = YES;
				CLANG_WARN_INT_CONVERSION = YES;
				CLANG_WARN_NON_LITERAL_NULL_CONVERSION = YES;
				CLANG_WARN_OBJC_IMPLICIT_RETAIN_SELF = YES;
				CLANG_WARN_OBJC_LITERAL_CONVERSION = YES;
				CLANG_WARN_OBJC_ROOT_CLASS = YES_ERROR;
				CLANG_WARN_QUOTED_INCLUDE_IN_FRAMEWORK_HEADER = YES;
				CLANG_WARN_RANGE_LOOP_ANALYSIS = YES;
				CLANG_WARN_STRICT_PROTOTYPES = YES;
				CLANG_WARN_SUSPICIOUS_MOVE = YES;
				CLANG_WARN_UNGUARDED_AVAILABILITY = YES_AGGRESSIVE;
				CLANG_WARN_UNREACHABLE_CODE = YES;
				CLANG_WARN__DUPLICATE_METHOD_MATCH = YES;
				COPY_PHASE_STRIP = NO;
				DEBUG_INFORMATION_FORMAT = "dwarf-with-dsym";
				DEVELOPMENT_TEAM = LSG8NGV4GQ;
				ENABLE_NS_ASSERTIONS = NO;
				ENABLE_STRICT_OBJC_MSGSEND = YES;
				ENABLE_USER_SCRIPT_SANDBOXING = YES;
				GCC_C_LANGUAGE_STANDARD = gnu17;
				GCC_NO_COMMON_BLOCKS = YES;
				GCC_WARN_64_TO_32_BIT_CONVERSION = YES;
				GCC_WARN_ABOUT_RETURN_TYPE = YES_ERROR;
				GCC_WARN_UNDECLARED_SELECTOR = YES;
				GCC_WARN_UNINITIALIZED_AUTOS = YES_AGGRESSIVE;
				GCC_WARN_UNUSED_FUNCTION = YES;
				GCC_WARN_UNUSED_VARIABLE = YES;
				IPHONEOS_DEPLOYMENT_TARGET = 26.0;
				LOCALIZATION_PREFERS_STRING_CATALOGS = YES;
				MTL_ENABLE_DEBUG_INFO = NO;
				MTL_FAST_MATH = YES;
				SDKROOT = iphoneos;
				SWIFT_COMPILATION_MODE = wholemodule;
				SWIFT_EMIT_LOC_STRINGS = YES;
				VALIDATE_PRODUCT = YES;
			};
			name = Release;
		};
		3C96F0492E85555800BB73A9 /* Debug */ = {
			isa = XCBuildConfiguration;
			buildSettings = {
				ASSETCATALOG_COMPILER_APPICON_NAME = AppIcon;
				ASSETCATALOG_COMPILER_GLOBAL_ACCENT_COLOR_NAME = AccentColor;
				CODE_SIGN_ENTITLEMENTS = "Daily Vibes.entitlements";
				CODE_SIGN_IDENTITY = "Apple Development";
				CODE_SIGN_STYLE = Automatic;
				CURRENT_PROJECT_VERSION = 1;
				DEVELOPMENT_TEAM = 75R4MMW9Q8;
				ENABLE_PREVIEWS = YES;
				GENERATE_INFOPLIST_FILE = YES;
				INFOPLIST_FILE = "Daily-Vibes-Info.plist";
				INFOPLIST_KEY_UIApplicationSceneManifest_Generation = YES;
				INFOPLIST_KEY_UIApplicationSupportsIndirectInputEvents = YES;
				INFOPLIST_KEY_UILaunchScreen_Generation = YES;
				INFOPLIST_KEY_UISupportedInterfaceOrientations_iPad = "UIInterfaceOrientationPortrait UIInterfaceOrientationPortraitUpsideDown UIInterfaceOrientationLandscapeLeft UIInterfaceOrientationLandscapeRight";
				INFOPLIST_KEY_UISupportedInterfaceOrientations_iPhone = "UIInterfaceOrientationPortrait UIInterfaceOrientationLandscapeLeft UIInterfaceOrientationLandscapeRight";
				IPHONEOS_DEPLOYMENT_TARGET = 17.0;
				LD_RUNPATH_SEARCH_PATHS = (
					"$(inherited)",
					"@executable_path/Frameworks",
				);
				MARKETING_VERSION = 1.0;
				PRODUCT_BUNDLE_IDENTIFIER = com.hakods.DailyVibes;
				PRODUCT_NAME = "$(TARGET_NAME)";
				PROVISIONING_PROFILE_SPECIFIER = "";
				STRING_CATALOG_GENERATE_SYMBOLS = YES;
				SWIFT_APPROACHABLE_CONCURRENCY = YES;
				SWIFT_DEFAULT_ACTOR_ISOLATION = MainActor;
				SWIFT_EMIT_LOC_STRINGS = YES;
				SWIFT_UPCOMING_FEATURE_MEMBER_IMPORT_VISIBILITY = YES;
				SWIFT_VERSION = 5.0;
				TARGETED_DEVICE_FAMILY = "1,2";
			};
			name = Debug;
		};
		3C96F04A2E85555800BB73A9 /* Release */ = {
			isa = XCBuildConfiguration;
			buildSettings = {
				ASSETCATALOG_COMPILER_APPICON_NAME = AppIcon;
				ASSETCATALOG_COMPILER_GLOBAL_ACCENT_COLOR_NAME = AccentColor;
				CODE_SIGN_ENTITLEMENTS = Release.entitlements;
				CODE_SIGN_IDENTITY = "Apple Development";
				CODE_SIGN_STYLE = Automatic;
				CURRENT_PROJECT_VERSION = 1;
				DEVELOPMENT_TEAM = 75R4MMW9Q8;
				ENABLE_PREVIEWS = YES;
				GENERATE_INFOPLIST_FILE = YES;
				INFOPLIST_FILE = "Daily-Vibes-Info.plist";
				INFOPLIST_KEY_UIApplicationSceneManifest_Generation = YES;
				INFOPLIST_KEY_UIApplicationSupportsIndirectInputEvents = YES;
				INFOPLIST_KEY_UILaunchScreen_Generation = YES;
				INFOPLIST_KEY_UISupportedInterfaceOrientations_iPad = "UIInterfaceOrientationPortrait UIInterfaceOrientationPortraitUpsideDown UIInterfaceOrientationLandscapeLeft UIInterfaceOrientationLandscapeRight";
				INFOPLIST_KEY_UISupportedInterfaceOrientations_iPhone = "UIInterfaceOrientationPortrait UIInterfaceOrientationLandscapeLeft UIInterfaceOrientationLandscapeRight";
				IPHONEOS_DEPLOYMENT_TARGET = 17.0;
				LD_RUNPATH_SEARCH_PATHS = (
					"$(inherited)",
					"@executable_path/Frameworks",
				);
				MARKETING_VERSION = 1.0;
				PRODUCT_BUNDLE_IDENTIFIER = com.hakods.DailyVibes;
				PRODUCT_NAME = "$(TARGET_NAME)";
				PROVISIONING_PROFILE_SPECIFIER = "";
				STRING_CATALOG_GENERATE_SYMBOLS = YES;
				SWIFT_APPROACHABLE_CONCURRENCY = YES;
				SWIFT_DEFAULT_ACTOR_ISOLATION = MainActor;
				SWIFT_EMIT_LOC_STRINGS = YES;
				SWIFT_UPCOMING_FEATURE_MEMBER_IMPORT_VISIBILITY = YES;
				SWIFT_VERSION = 5.0;
				TARGETED_DEVICE_FAMILY = "1,2";
			};
			name = Release;
		};
/* End XCBuildConfiguration section */

/* Begin XCConfigurationList section */
		3C96F0382E85555700BB73A9 /* Build configuration list for PBXProject "Daily Vibes" */ = {
			isa = XCConfigurationList;
			buildConfigurations = (
				3C96F0462E85555800BB73A9 /* Debug */,
				3C96F0472E85555800BB73A9 /* Release */,
			);
			defaultConfigurationIsVisible = 0;
			defaultConfigurationName = Release;
		};
		3C96F0482E85555800BB73A9 /* Build configuration list for PBXNativeTarget "Daily Vibes" */ = {
			isa = XCConfigurationList;
			buildConfigurations = (
				3C96F0492E85555800BB73A9 /* Debug */,
				3C96F04A2E85555800BB73A9 /* Release */,
			);
			defaultConfigurationIsVisible = 0;
			defaultConfigurationName = Release;
		};
/* End XCConfigurationList section */

/* Begin XCRemoteSwiftPackageReference section */
		3CCCE12C2EA102FB00BC7727 /* XCRemoteSwiftPackageReference "firebase-ios-sdk" */ = {
			isa = XCRemoteSwiftPackageReference;
			repositoryURL = "https://github.com/firebase/firebase-ios-sdk";
			requirement = {
				kind = upToNextMajorVersion;
				minimumVersion = 12.4.0;
			};
		};
/* End XCRemoteSwiftPackageReference section */

/* Begin XCSwiftPackageProductDependency section */
		3C294E2D2EB372F700B4E78A /* FirebaseAppCheck */ = {
			isa = XCSwiftPackageProductDependency;
			package = 3CCCE12C2EA102FB00BC7727 /* XCRemoteSwiftPackageReference "firebase-ios-sdk" */;
			productName = FirebaseAppCheck;
		};
		3CCCE12D2EA102FC00BC7727 /* FirebaseAI */ = {
			isa = XCSwiftPackageProductDependency;
			package = 3CCCE12C2EA102FB00BC7727 /* XCRemoteSwiftPackageReference "firebase-ios-sdk" */;
			productName = FirebaseAI;
		};
		3CCCE12F2EA102FC00BC7727 /* FirebaseAnalytics */ = {
			isa = XCSwiftPackageProductDependency;
			package = 3CCCE12C2EA102FB00BC7727 /* XCRemoteSwiftPackageReference "firebase-ios-sdk" */;
			productName = FirebaseAnalytics;
		};
/* End XCSwiftPackageProductDependency section */

/* Begin XCVersionGroup section */
		3CEDF50A2E9E416600595983 /* DailyVibes.xcdatamodeld */ = {
			isa = XCVersionGroup;
			children = (
				3CEDF50B2E9E416600595983 /* DailyVibes.xcdatamodel */,
			);
			currentVersion = 3CEDF50B2E9E416600595983 /* DailyVibes.xcdatamodel */;
			path = DailyVibes.xcdatamodeld;
			sourceTree = "<group>";
			versionGroupType = wrapper.xcdatamodel;
		};
/* End XCVersionGroup section */
	};
	rootObject = 3C96F0352E85555700BB73A9 /* Project object */;
}
